
Microsoft Visual Studio Solution File, Format Version 12.00
# Visual Studio Version 16
VisualStudioVersion = 16.0.29519.181
MinimumVisualStudioVersion = 10.0.40219.1
Project("{9A19103F-16F7-4668-BE54-9A1E7A4F7556}") = "TimeSheetApi", "TimeSheetApi\TimeSheetApi.csproj", "{B41464EE-B116-4217-8A39-FADD380021DD}"
EndProject
Project("{9A19103F-16F7-4668-BE54-9A1E7A4F7556}") = "TimeSheetApiTest", "TimeSheetApiTest\TimeSheetApiTest.csproj", "{94138006-70B8-4979-97C3-9988FD8FD29C}"
EndProject
Project("{9A19103F-16F7-4668-BE54-9A1E7A4F7556}") = "TimeSheetCore", "TimeSheetCore\TimeSheetCore.csproj", "{6B06AA25-FA4E-49AD-BD5A-1B51149DA744}"
EndProject
Global
	GlobalSection(SolutionConfigurationPlatforms) = preSolution
		Debug|Any CPU = Debug|Any CPU
		Release|Any CPU = Release|Any CPU
	EndGlobalSection
	GlobalSection(ProjectConfigurationPlatforms) = postSolution
		{B41464EE-B116-4217-8A39-FADD380021DD}.Debug|Any CPU.ActiveCfg = Debug|Any CPU
		{B41464EE-B116-4217-8A39-FADD380021DD}.Debug|Any CPU.Build.0 = Debug|Any CPU
		{B41464EE-B116-4217-8A39-FADD380021DD}.Release|Any CPU.ActiveCfg = Release|Any CPU
		{B41464EE-B116-4217-8A39-FADD380021DD}.Release|Any CPU.Build.0 = Release|Any CPU
		{94138006-70B8-4979-97C3-9988FD8FD29C}.Debug|Any CPU.ActiveCfg = Debug|Any CPU
		{94138006-70B8-4979-97C3-9988FD8FD29C}.Debug|Any CPU.Build.0 = Debug|Any CPU
		{94138006-70B8-4979-97C3-9988FD8FD29C}.Release|Any CPU.ActiveCfg = Release|Any CPU
		{94138006-70B8-4979-97C3-9988FD8FD29C}.Release|Any CPU.Build.0 = Release|Any CPU
		{6B06AA25-FA4E-49AD-BD5A-1B51149DA744}.Debug|Any CPU.ActiveCfg = Debug|Any CPU
		{6B06AA25-FA4E-49AD-BD5A-1B51149DA744}.Debug|Any CPU.Build.0 = Debug|Any CPU
		{6B06AA25-FA4E-49AD-BD5A-1B51149DA744}.Release|Any CPU.ActiveCfg = Release|Any CPU
		{6B06AA25-FA4E-49AD-BD5A-1B51149DA744}.Release|Any CPU.Build.0 = Release|Any CPU
	EndGlobalSection
	GlobalSection(SolutionProperties) = preSolution
		HideSolutionNode = FALSE
	EndGlobalSection
	GlobalSection(ExtensibilityGlobals) = postSolution
		SolutionGuid = {251889F6-9043-4E12-910C-472EE9DFC3CA}
	EndGlobalSection
EndGlobal
